version: 6
environments:
  default:
    channels:
    - url: https://conda.anaconda.org/conda-forge/
    packages:
      osx-arm64:
      - conda: https://conda.anaconda.org/conda-forge/osx-arm64/libcxx-20.1.7-ha82da77_0.conda
      - conda: https://conda.anaconda.org/conda-forge/osx-arm64/uv-0.7.19-hcff7401_0.conda
packages:
- conda: https://conda.anaconda.org/conda-forge/osx-arm64/libcxx-20.1.7-ha82da77_0.conda
  sha256: a3fd34773f1252a4f089e74a075ff5f0f6b878aede097e83a405f35687c36f24
  md5: 881de227abdddbe596239fa9e82eb3ab
  depends:
  - __osx >=11.0
  license: Apache-2.0 WITH LLVM-exception
  license_family: Apache
  size: 567189
  timestamp: 1749847129529
- conda: https://conda.anaconda.org/conda-forge/osx-arm64/uv-0.7.19-hcff7401_0.conda
  sha256: 8eb3f90fc53307bde69ddb81d999ddb0c65e0afe80213bccffa4d9a9114dc47a
  md5: ab0092745700ad870a72594fc2d818ab
  depends:
  - __osx >=11.0
  - libcxx >=18
  constrains:
  - __osx >=11.0
  license: Apache-2.0 OR MIT
  size: 12946482
  timestamp: 1751500012777
